
Microsoft Visual Studio Solution File, Format Version 12.00
# Visual Studio Version 17
VisualStudioVersion = 17.3.32825.248
MinimumVisualStudioVersion = 10.0.40219.1
Project("{9A19103F-16F7-4668-BE54-9A1E7A4F7556}") = "TrainingApp", "TrainingApp\TrainingApp.csproj", "{F52D96A6-7366-4C4D-BD1F-33C28EC465D6}"
EndProject
Project("{FAE04EC0-301F-11D3-BF4B-00C04F79EFBC}") = "TrainingApp.Core", "TrainingApp.Core\TrainingApp.Core.csproj", "{4E81DEB2-0D78-4707-AB03-E9336295F9EA}"
EndProject
Project("{FAE04EC0-301F-11D3-BF4B-00C04F79EFBC}") = "TrainingApp.Infrastructure", "TrainingApp.Infrastructure\TrainingApp.Infrastructure.csproj", "{E0E631D3-A0FE-4159-8C7D-F1555D9F8E48}"
EndProject
Global
	GlobalSection(SolutionConfigurationPlatforms) = preSolution
		Debug|Any CPU = Debug|Any CPU
		Release|Any CPU = Release|Any CPU
	EndGlobalSection
	GlobalSection(ProjectConfigurationPlatforms) = postSolution
		{F52D96A6-7366-4C4D-BD1F-33C28EC465D6}.Debug|Any CPU.ActiveCfg = Debug|Any CPU
		{F52D96A6-7366-4C4D-BD1F-33C28EC465D6}.Debug|Any CPU.Build.0 = Debug|Any CPU
		{F52D96A6-7366-4C4D-BD1F-33C28EC465D6}.Release|Any CPU.ActiveCfg = Release|Any CPU
		{F52D96A6-7366-4C4D-BD1F-33C28EC465D6}.Release|Any CPU.Build.0 = Release|Any CPU
		{4E81DEB2-0D78-4707-AB03-E9336295F9EA}.Debug|Any CPU.ActiveCfg = Debug|Any CPU
		{4E81DEB2-0D78-4707-AB03-E9336295F9EA}.Debug|Any CPU.Build.0 = Debug|Any CPU
		{4E81DEB2-0D78-4707-AB03-E9336295F9EA}.Release|Any CPU.ActiveCfg = Release|Any CPU
		{4E81DEB2-0D78-4707-AB03-E9336295F9EA}.Release|Any CPU.Build.0 = Release|Any CPU
		{E0E631D3-A0FE-4159-8C7D-F1555D9F8E48}.Debug|Any CPU.ActiveCfg = Debug|Any CPU
		{E0E631D3-A0FE-4159-8C7D-F1555D9F8E48}.Debug|Any CPU.Build.0 = Debug|Any CPU
		{E0E631D3-A0FE-4159-8C7D-F1555D9F8E48}.Release|Any CPU.ActiveCfg = Release|Any CPU
		{E0E631D3-A0FE-4159-8C7D-F1555D9F8E48}.Release|Any CPU.Build.0 = Release|Any CPU
	EndGlobalSection
	GlobalSection(SolutionProperties) = preSolution
		HideSolutionNode = FALSE
	EndGlobalSection
	GlobalSection(ExtensibilityGlobals) = postSolution
		SolutionGuid = {F2247514-BE4A-459B-867A-D24E26278C11}
	EndGlobalSection
EndGlobal
